
Microsoft Visual Studio Solution File, Format Version 12.00
# Visual Studio 2013
VisualStudioVersion = 12.0.21005.1
MinimumVisualStudioVersion = 10.0.40219.1
Project("{8BC9CEB8-8B4A-11D0-8D11-00A0C91BC942}") = "test_11_26", "test_11_26\test_11_26.vcxproj", "{BCE842E7-AF87-4C5B-B2FC-69FB0CD4588F}"
EndProject
Global
	GlobalSection(SolutionConfigurationPlatforms) = preSolution
		Debug|Win32 = Debug|Win32
		Release|Win32 = Release|Win32
	EndGlobalSection
	GlobalSection(ProjectConfigurationPlatforms) = postSolution
		{BCE842E7-AF87-4C5B-B2FC-69FB0CD4588F}.Debug|Win32.ActiveCfg = Debug|Win32
		{BCE842E7-AF87-4C5B-B2FC-69FB0CD4588F}.Debug|Win32.Build.0 = Debug|Win32
		{BCE842E7-AF87-4C5B-B2FC-69FB0CD4588F}.Release|Win32.ActiveCfg = Release|Win32
		{BCE842E7-AF87-4C5B-B2FC-69FB0CD4588F}.Release|Win32.Build.0 = Release|Win32
	EndGlobalSection
	GlobalSection(SolutionProperties) = preSolution
		HideSolutionNode = FALSE
	EndGlobalSection
EndGlobal
